
Microsoft Visual Studio Solution File, Format Version 12.00
# Visual Studio Express 15 for Windows Desktop
VisualStudioVersion = 15.0.28307.902
MinimumVisualStudioVersion = 10.0.40219.1
Project("{FAE04EC0-301F-11D3-BF4B-00C04F79EFBC}") = "ShoesApp", "ShoesApp\ShoesApp.csproj", "{054AA481-21B4-4ADD-8327-6A1CF586ACED}"
EndProject
Project("{FAE04EC0-301F-11D3-BF4B-00C04F79EFBC}") = "ShoesApp.Business", "ShoesApp.Business\ShoesApp.Business.csproj", "{0238A45E-6C3C-47AA-9822-F921AB7D56BD}"
EndProject
Project("{FAE04EC0-301F-11D3-BF4B-00C04F79EFBC}") = "ShoesApp.Data", "ShoesApp.Data\ShoesApp.Data.csproj", "{B7552FE5-B60C-4C76-86F1-01D430D8AE1B}"
EndProject
Project("{FAE04EC0-301F-11D3-BF4B-00C04F79EFBC}") = "ShoesApp.Entities", "ShoesApp.Entities\ShoesApp.Entities.csproj", "{1BB6ED0E-CA54-4A90-8982-7DBE5B899448}"
EndProject
Global
	GlobalSection(SolutionConfigurationPlatforms) = preSolution
		Debug|Any CPU = Debug|Any CPU
		Release|Any CPU = Release|Any CPU
	EndGlobalSection
	GlobalSection(ProjectConfigurationPlatforms) = postSolution
		{054AA481-21B4-4ADD-8327-6A1CF586ACED}.Debug|Any CPU.ActiveCfg = Debug|Any CPU
		{054AA481-21B4-4ADD-8327-6A1CF586ACED}.Debug|Any CPU.Build.0 = Debug|Any CPU
		{054AA481-21B4-4ADD-8327-6A1CF586ACED}.Release|Any CPU.ActiveCfg = Release|Any CPU
		{054AA481-21B4-4ADD-8327-6A1CF586ACED}.Release|Any CPU.Build.0 = Release|Any CPU
		{0238A45E-6C3C-47AA-9822-F921AB7D56BD}.Debug|Any CPU.ActiveCfg = Debug|Any CPU
		{0238A45E-6C3C-47AA-9822-F921AB7D56BD}.Debug|Any CPU.Build.0 = Debug|Any CPU
		{0238A45E-6C3C-47AA-9822-F921AB7D56BD}.Release|Any CPU.ActiveCfg = Release|Any CPU
		{0238A45E-6C3C-47AA-9822-F921AB7D56BD}.Release|Any CPU.Build.0 = Release|Any CPU
		{B7552FE5-B60C-4C76-86F1-01D430D8AE1B}.Debug|Any CPU.ActiveCfg = Debug|Any CPU
		{B7552FE5-B60C-4C76-86F1-01D430D8AE1B}.Debug|Any CPU.Build.0 = Debug|Any CPU
		{B7552FE5-B60C-4C76-86F1-01D430D8AE1B}.Release|Any CPU.ActiveCfg = Release|Any CPU
		{B7552FE5-B60C-4C76-86F1-01D430D8AE1B}.Release|Any CPU.Build.0 = Release|Any CPU
		{1BB6ED0E-CA54-4A90-8982-7DBE5B899448}.Debug|Any CPU.ActiveCfg = Debug|Any CPU
		{1BB6ED0E-CA54-4A90-8982-7DBE5B899448}.Debug|Any CPU.Build.0 = Debug|Any CPU
		{1BB6ED0E-CA54-4A90-8982-7DBE5B899448}.Release|Any CPU.ActiveCfg = Release|Any CPU
		{1BB6ED0E-CA54-4A90-8982-7DBE5B899448}.Release|Any CPU.Build.0 = Release|Any CPU
	EndGlobalSection
	GlobalSection(SolutionProperties) = preSolution
		HideSolutionNode = FALSE
	EndGlobalSection
	GlobalSection(ExtensibilityGlobals) = postSolution
		SolutionGuid = {E3A7F006-25AD-4518-9542-3316167C5A9A}
	EndGlobalSection
EndGlobal
